{
	"name": "node-api",
	"lockfileVersion": 1,
	"dependencies": {
		"accepts": {
			"version": "1.0.0",
			"resolved": "https://registry.npmjs.org/accepts/-/accepts-1.0.0.tgz",
			"integrity": "sha1-NgTHZVhsO5z3h3tpN829RYf5R9w="
		},
		"bignumber.js": {
			"version": "2.0.0",
			"resolved": "https://registry.npmjs.org/bignumber.js/-/bignumber.js-2.0.0.tgz",
			"integrity": "sha1-n8pV5sc+G6XSlL2pmDGA6UfiEZw="
		},
		"bluebird": {
			"version": "2.4.2",
			"resolved": "https://registry.npmjs.org/bluebird/-/bluebird-2.4.2.tgz",
			"integrity": "sha1-vR1YWZFadIU/DkSGljD7i0+vubU="
		},
		"body-parser": {
			"version": "1.0.2",
			"resolved": "https://registry.npmjs.org/body-parser/-/body-parser-1.0.2.tgz",
			"integrity": "sha1-NGFHmjJ4/gD8rr7DMUu1T8T3tHw="
		},
		"buffer-crc32": {
			"version": "0.2.1",
			"resolved": "https://registry.npmjs.org/buffer-crc32/-/buffer-crc32-0.2.1.tgz",
			"integrity": "sha1-vj5TgvwCttYySVasGvmKqYsIU0w="
		},
		"bytes": {
			"version": "1.0.0",
			"resolved": "https://registry.npmjs.org/bytes/-/bytes-1.0.0.tgz",
			"integrity": "sha1-NWnt6Lo0MV+rmcPpLLBMciDeH6g="
		},
		"cookie": {
			"version": "0.1.0",
			"resolved": "https://registry.npmjs.org/cookie/-/cookie-0.1.0.tgz",
			"integrity": "sha1-kOtGndzpBchm3mh+/EMTHYgB+dA="
		},
		"cookie-signature": {
			"version": "1.0.3",
			"resolved": "https://registry.npmjs.org/cookie-signature/-/cookie-signature-1.0.3.tgz",
			"integrity": "sha1-kc2ZfMUftkFZVzjGnNoCAyj1D/k="
		},
		"core-util-is": {
			"version": "1.0.2",
			"resolved": "https://registry.npmjs.org/core-util-is/-/core-util-is-1.0.2.tgz",
			"integrity": "sha1-tf1UIgqivFq1eqtxQMlAdUUDwac="
		},
		"crypto": {
			"version": "0.0.3",
			"resolved": "https://registry.npmjs.org/crypto/-/crypto-0.0.3.tgz",
			"integrity": "sha1-RwqBuGvkxe4XrMggeh9TFa4g27A="
		},
		"debug": {
			"version": "0.8.1",
			"resolved": "https://registry.npmjs.org/debug/-/debug-0.8.1.tgz",
			"integrity": "sha1-IP9NJvXkIstoobrLu2EDmtjBwTA="
		},
		"dottie": {
			"version": "0.3.1",
			"resolved": "https://registry.npmjs.org/dottie/-/dottie-0.3.1.tgz",
			"integrity": "sha1-QYX3d0iZYKwIQTHeP5oUoXm7dJ8="
		},
		"ejs": {
			"version": "2.5.7",
			"resolved": "https://registry.npmjs.org/ejs/-/ejs-2.5.7.tgz",
			"integrity": "sha1-zIcsFoiArjxxiXYv1f/ACJbJUYo="
		},
		"escape-html": {
			"version": "1.0.1",
			"resolved": "https://registry.npmjs.org/escape-html/-/escape-html-1.0.1.tgz",
			"integrity": "sha1-GBoobq05ejmpKFfPsdQwUuNWv/A="
		},
		"express": {
			"version": "4.0.0",
			"resolved": "https://registry.npmjs.org/express/-/express-4.0.0.tgz",
			"integrity": "sha1-J03IKTPJ9XTMOKDOXqgXK+nGsJQ=",
			"dependencies": {
				"type-is": {
					"version": "1.0.0",
					"resolved": "https://registry.npmjs.org/type-is/-/type-is-1.0.0.tgz",
					"integrity": "sha1-T/Qk6XNJoe4ZELS/xIhZXs3EQ/w="
				}
			}
		},
		"fresh": {
			"version": "0.2.2",
			"resolved": "https://registry.npmjs.org/fresh/-/fresh-0.2.2.tgz",
			"integrity": "sha1-lzHc9WeMf660T7kDxPct9VGH+nc="
		},
		"generic-pool": {
			"version": "2.1.1",
			"resolved": "https://registry.npmjs.org/generic-pool/-/generic-pool-2.1.1.tgz",
			"integrity": "sha1-rwTcLDJc/Ll1Aj+lK/zpYXp0Nf0="
		},
		"inflection": {
			"version": "1.12.0",
			"resolved": "https://registry.npmjs.org/inflection/-/inflection-1.12.0.tgz",
			"integrity": "sha1-ogCTVlbW9fa8TcdQLhrstwMihBY="
		},
		"inherits": {
			"version": "2.0.3",
			"resolved": "https://registry.npmjs.org/inherits/-/inherits-2.0.3.tgz",
			"integrity": "sha1-Yzwsg+PaQqUC9SRmAiSA9CCCYd4="
		},
		"isarray": {
			"version": "0.0.1",
			"resolved": "https://registry.npmjs.org/isarray/-/isarray-0.0.1.tgz",
			"integrity": "sha1-ihis/Kmo9Bd+Cav8YDiTmwXR7t8="
		},
		"lodash": {
			"version": "3.10.1",
			"resolved": "https://registry.npmjs.org/lodash/-/lodash-3.10.1.tgz",
			"integrity": "sha1-W/Rejkm6QYnhfUgnid/RW9FAt7Y="
		},
		"merge-descriptors": {
			"version": "0.0.2",
			"resolved": "https://registry.npmjs.org/merge-descriptors/-/merge-descriptors-0.0.2.tgz",
			"integrity": "sha1-w2pSp4FDdRPFcnXzndnTF1FKyMc="
		},
		"methods": {
			"version": "0.1.0",
			"resolved": "https://registry.npmjs.org/methods/-/methods-0.1.0.tgz",
			"integrity": "sha1-M11Cnu/SG3us8unJIqjSvRSjDk8="
		},
		"mime": {
			"version": "1.2.11",
			"resolved": "https://registry.npmjs.org/mime/-/mime-1.2.11.tgz",
			"integrity": "sha1-WCA+7Ybjpe8XrtK32evUfwpg3RA="
		},
		"moment": {
			"version": "2.18.1",
			"resolved": "https://registry.npmjs.org/moment/-/moment-2.18.1.tgz",
			"integrity": "sha1-w2GT3Tzhwu7SrbfIAtu8d6gbHA8="
		},
		"mysql": {
			"version": "2.5.5",
			"resolved": "https://registry.npmjs.org/mysql/-/mysql-2.5.5.tgz",
			"integrity": "sha1-AqHE0GF/t3HYXBX88k0Qj1pi9kg="
		},
		"negotiator": {
			"version": "0.3.0",
			"resolved": "https://registry.npmjs.org/negotiator/-/negotiator-0.3.0.tgz",
			"integrity": "sha1-cG1pLv7d9XTVfqn7GriaT6fuj2A="
		},
		"node-uuid": {
			"version": "1.4.8",
			"resolved": "https://registry.npmjs.org/node-uuid/-/node-uuid-1.4.8.tgz",
			"integrity": "sha1-sEDrCSOWivq/jTL7HxfxFn/auQc="
		},
		"parseurl": {
			"version": "1.0.1",
			"resolved": "https://registry.npmjs.org/parseurl/-/parseurl-1.0.1.tgz",
			"integrity": "sha1-Llfc5u/dN8NRhwEDCUTCK/OIt7Q="
		},
		"path-to-regexp": {
			"version": "0.1.2",
			"resolved": "https://registry.npmjs.org/path-to-regexp/-/path-to-regexp-0.1.2.tgz",
			"integrity": "sha1-mysVH5zDAYye6lDKlXKeBXgXErQ="
		},
		"qs": {
			"version": "0.6.6",
			"resolved": "https://registry.npmjs.org/qs/-/qs-0.6.6.tgz",
			"integrity": "sha1-bgFQmP9RlouKPIGQAdXyyJvEsQc="
		},
		"range-parser": {
			"version": "1.0.0",
			"resolved": "https://registry.npmjs.org/range-parser/-/range-parser-1.0.0.tgz",
			"integrity": "sha1-pLJkz+C+XONqvjdlrJwqJIdG28A="
		},
		"raw-body": {
			"version": "1.1.7",
			"resolved": "https://registry.npmjs.org/raw-body/-/raw-body-1.1.7.tgz",
			"integrity": "sha1-HQJ8K/oRasxmI7yo8AAWVyqH1CU="
		},
		"readable-stream": {
			"version": "1.1.14",
			"resolved": "https://registry.npmjs.org/readable-stream/-/readable-stream-1.1.14.tgz",
			"integrity": "sha1-fPTFTvZI44EwhMY23SB54WbAgdk="
		},
		"require-all": {
			"version": "1.0.0",
			"resolved": "https://registry.npmjs.org/require-all/-/require-all-1.0.0.tgz",
			"integrity": "sha1-hINwjnzkxt+tmItQgPl4KbktIic="
		},
		"send": {
			"version": "0.2.0",
			"resolved": "https://registry.npmjs.org/send/-/send-0.2.0.tgz",
			"integrity": "sha1-Bnq/Rc/4v/spy9t0OXJbMjiKLFg="
		},
		"sequelize": {
			"version": "2.0.6",
			"resolved": "https://registry.npmjs.org/sequelize/-/sequelize-2.0.6.tgz",
			"integrity": "sha1-QyBFBcQBsDqMuM+S7iIJq89m/jE="
		},
		"serve-static": {
			"version": "1.0.1",
			"resolved": "https://registry.npmjs.org/serve-static/-/serve-static-1.0.1.tgz",
			"integrity": "sha1-ENy/1Es+ApGhMfyatKslqfWnikI=",
			"dependencies": {
				"fresh": {
					"version": "0.2.0",
					"resolved": "https://registry.npmjs.org/fresh/-/fresh-0.2.0.tgz",
					"integrity": "sha1-v9lALPPfEsSkwxDHn5mj3eE9NKc="
				},
				"range-parser": {
					"version": "0.0.4",
					"resolved": "https://registry.npmjs.org/range-parser/-/range-parser-0.0.4.tgz",
					"integrity": "sha1-wEJ//vUcEKy6B4KkbJYC50T/Ygs="
				},
				"send": {
					"version": "0.1.4",
					"resolved": "https://registry.npmjs.org/send/-/send-0.1.4.tgz",
					"integrity": "sha1-vnDY0b4B3mGCGvE3gLUDRaT3Gr0="
				}
			}
		},
		"string_decoder": {
			"version": "0.10.31",
			"resolved": "https://registry.npmjs.org/string_decoder/-/string_decoder-0.10.31.tgz",
			"integrity": "sha1-YuIDvEF2bGwoyfyEMB2rHFMQ+pQ="
		},
		"toposort-class": {
			"version": "0.3.1",
			"resolved": "https://registry.npmjs.org/toposort-class/-/toposort-class-0.3.1.tgz",
			"integrity": "sha1-0TM67XNPhgjO0ShiGL0sRfYO/0g="
		},
		"type-is": {
			"version": "1.1.0",
			"resolved": "https://registry.npmjs.org/type-is/-/type-is-1.1.0.tgz",
			"integrity": "sha1-0CReyLJnZmjVndDPMlUGBnalfbY="
		},
		"utils-merge": {
			"version": "1.0.0",
			"resolved": "https://registry.npmjs.org/utils-merge/-/utils-merge-1.0.0.tgz",
			"integrity": "sha1-ApT7kiu5N1FTVBxPcJYjHyh8ivg="
		},
		"validator": {
			"version": "3.43.0",
			"resolved": "https://registry.npmjs.org/validator/-/validator-3.43.0.tgz",
			"integrity": "sha1-lkZLmS1BloM9l6GUv0Cxn/VLrgU="
		}
	}
}
